
Microsoft Visual Studio Solution File, Format Version 12.00
# Visual Studio Version 17
VisualStudioVersion = 17.14.36414.22 d17.14
MinimumVisualStudioVersion = 10.0.40219.1
Project("{FAE04EC0-301F-11D3-BF4B-00C04F79EFBC}") = "SKAProject", "SKAProject\SKAProject.csproj", "{107CCD3B-A5EC-47F1-83CB-4137C40DB944}"
EndProject
Global
	GlobalSection(SolutionConfigurationPlatforms) = preSolution
		Debug|Any CPU = Debug|Any CPU
		Release|Any CPU = Release|Any CPU
	EndGlobalSection
	GlobalSection(ProjectConfigurationPlatforms) = postSolution
		{107CCD3B-A5EC-47F1-83CB-4137C40DB944}.Debug|Any CPU.ActiveCfg = Debug|Any CPU
		{107CCD3B-A5EC-47F1-83CB-4137C40DB944}.Debug|Any CPU.Build.0 = Debug|Any CPU
		{107CCD3B-A5EC-47F1-83CB-4137C40DB944}.Release|Any CPU.ActiveCfg = Release|Any CPU
		{107CCD3B-A5EC-47F1-83CB-4137C40DB944}.Release|Any CPU.Build.0 = Release|Any CPU
	EndGlobalSection
	GlobalSection(SolutionProperties) = preSolution
		HideSolutionNode = FALSE
	EndGlobalSection
	GlobalSection(ExtensibilityGlobals) = postSolution
		SolutionGuid = {57005DA4-A113-4969-9A22-76484D7B927C}
	EndGlobalSection
EndGlobal
